
Microsoft Visual Studio Solution File, Format Version 12.00
# Visual Studio Version 17
VisualStudioVersion = 17.4.33110.190
MinimumVisualStudioVersion = 10.0.40219.1
Project("{FAE04EC0-301F-11D3-BF4B-00C04F79EFBC}") = "ShopASP", "ShopASP\ShopASP.csproj", "{6FEAE030-9ADB-4012-B6D1-4644DDD7D0A1}"
EndProject
Global
	GlobalSection(SolutionConfigurationPlatforms) = preSolution
		Debug|Any CPU = Debug|Any CPU
		Release|Any CPU = Release|Any CPU
	EndGlobalSection
	GlobalSection(ProjectConfigurationPlatforms) = postSolution
		{6FEAE030-9ADB-4012-B6D1-4644DDD7D0A1}.Debug|Any CPU.ActiveCfg = Debug|Any CPU
		{6FEAE030-9ADB-4012-B6D1-4644DDD7D0A1}.Debug|Any CPU.Build.0 = Debug|Any CPU
		{6FEAE030-9ADB-4012-B6D1-4644DDD7D0A1}.Release|Any CPU.ActiveCfg = Release|Any CPU
		{6FEAE030-9ADB-4012-B6D1-4644DDD7D0A1}.Release|Any CPU.Build.0 = Release|Any CPU
	EndGlobalSection
	GlobalSection(SolutionProperties) = preSolution
		HideSolutionNode = FALSE
	EndGlobalSection
	GlobalSection(ExtensibilityGlobals) = postSolution
		SolutionGuid = {30DFC442-E7CE-4BA2-BB8A-FBF36113DC14}
	EndGlobalSection
EndGlobal
