
Microsoft Visual Studio Solution File, Format Version 12.00
# Visual Studio Version 17
VisualStudioVersion = 17.4.33110.190
MinimumVisualStudioVersion = 10.0.40219.1
Project("{FAE04EC0-301F-11D3-BF4B-00C04F79EFBC}") = "EX_MVC", "EX_MVC\EX_MVC.csproj", "{D101411B-FB54-42D4-B21B-1CE20E569048}"
EndProject
Global
	GlobalSection(SolutionConfigurationPlatforms) = preSolution
		Debug|Any CPU = Debug|Any CPU
		Release|Any CPU = Release|Any CPU
	EndGlobalSection
	GlobalSection(ProjectConfigurationPlatforms) = postSolution
		{D101411B-FB54-42D4-B21B-1CE20E569048}.Debug|Any CPU.ActiveCfg = Debug|Any CPU
		{D101411B-FB54-42D4-B21B-1CE20E569048}.Debug|Any CPU.Build.0 = Debug|Any CPU
		{D101411B-FB54-42D4-B21B-1CE20E569048}.Release|Any CPU.ActiveCfg = Release|Any CPU
		{D101411B-FB54-42D4-B21B-1CE20E569048}.Release|Any CPU.Build.0 = Release|Any CPU
	EndGlobalSection
	GlobalSection(SolutionProperties) = preSolution
		HideSolutionNode = FALSE
	EndGlobalSection
	GlobalSection(ExtensibilityGlobals) = postSolution
		SolutionGuid = {B0436F1B-2EFE-43B3-A42C-A7A6C6E4068C}
	EndGlobalSection
EndGlobal
