
Microsoft Visual Studio Solution File, Format Version 12.00
# Visual Studio Version 17
VisualStudioVersion = 17.4.33110.190
MinimumVisualStudioVersion = 10.0.40219.1
Project("{FAE04EC0-301F-11D3-BF4B-00C04F79EFBC}") = "EX_Shop", "EX_Shop\EX_Shop.csproj", "{EAC06879-B32E-42E3-A153-0EC0D3228711}"
EndProject
Global
	GlobalSection(SolutionConfigurationPlatforms) = preSolution
		Debug|Any CPU = Debug|Any CPU
		Release|Any CPU = Release|Any CPU
	EndGlobalSection
	GlobalSection(ProjectConfigurationPlatforms) = postSolution
		{EAC06879-B32E-42E3-A153-0EC0D3228711}.Debug|Any CPU.ActiveCfg = Debug|Any CPU
		{EAC06879-B32E-42E3-A153-0EC0D3228711}.Debug|Any CPU.Build.0 = Debug|Any CPU
		{EAC06879-B32E-42E3-A153-0EC0D3228711}.Release|Any CPU.ActiveCfg = Release|Any CPU
		{EAC06879-B32E-42E3-A153-0EC0D3228711}.Release|Any CPU.Build.0 = Release|Any CPU
	EndGlobalSection
	GlobalSection(SolutionProperties) = preSolution
		HideSolutionNode = FALSE
	EndGlobalSection
	GlobalSection(ExtensibilityGlobals) = postSolution
		SolutionGuid = {76F1B39E-BFDD-4DFA-9F53-5C07F11423B9}
	EndGlobalSection
EndGlobal
