
Microsoft Visual Studio Solution File, Format Version 12.00
# Visual Studio Version 17
VisualStudioVersion = 17.4.33110.190
MinimumVisualStudioVersion = 10.0.40219.1
Project("{FAE04EC0-301F-11D3-BF4B-00C04F79EFBC}") = "CRUD", "CRUD\CRUD.csproj", "{4DD5955A-8A49-4D1C-95A1-831F164C9496}"
EndProject
Global
	GlobalSection(SolutionConfigurationPlatforms) = preSolution
		Debug|Any CPU = Debug|Any CPU
		Release|Any CPU = Release|Any CPU
	EndGlobalSection
	GlobalSection(ProjectConfigurationPlatforms) = postSolution
		{4DD5955A-8A49-4D1C-95A1-831F164C9496}.Debug|Any CPU.ActiveCfg = Debug|Any CPU
		{4DD5955A-8A49-4D1C-95A1-831F164C9496}.Debug|Any CPU.Build.0 = Debug|Any CPU
		{4DD5955A-8A49-4D1C-95A1-831F164C9496}.Release|Any CPU.ActiveCfg = Release|Any CPU
		{4DD5955A-8A49-4D1C-95A1-831F164C9496}.Release|Any CPU.Build.0 = Release|Any CPU
	EndGlobalSection
	GlobalSection(SolutionProperties) = preSolution
		HideSolutionNode = FALSE
	EndGlobalSection
	GlobalSection(ExtensibilityGlobals) = postSolution
		SolutionGuid = {BEB2635B-5A0C-4B57-AA3F-8A0CDA981BCD}
	EndGlobalSection
EndGlobal
